
Microsoft Visual Studio Solution File, Format Version 12.00
# Visual Studio Express 2013 for Windows Desktop
VisualStudioVersion = 12.0.30723.0
MinimumVisualStudioVersion = 10.0.40219.1
Project("{FAE04EC0-301F-11D3-BF4B-00C04F79EFBC}") = "Pong", "Pong\Pong.csproj", "{04441E0D-A304-4651-9E6C-6AFD451DF980}"
EndProject
Project("{FAE04EC0-301F-11D3-BF4B-00C04F79EFBC}") = "PongContent", "PongContent\PongContent\PongContent.csproj", "{AD4FEB52-B054-46CB-9C30-0F3509624697}"
EndProject
Project("{96E2B04D-8817-42C6-938A-82C39BA4D311}") = "PongContentContent", "PongContent\PongContentContent\PongContentContent.contentproj", "{39EA38D0-4F11-46CB-820C-5B9FCFB1AEE9}"
EndProject
Global
	GlobalSection(SolutionConfigurationPlatforms) = preSolution
		Android|Any CPU = Android|Any CPU
		Android|Mixed Platforms = Android|Mixed Platforms
		Android|x86 = Android|x86
		Debug|Any CPU = Debug|Any CPU
		Debug|Mixed Platforms = Debug|Mixed Platforms
		Debug|x86 = Debug|x86
		iOS|Any CPU = iOS|Any CPU
		iOS|Mixed Platforms = iOS|Mixed Platforms
		iOS|x86 = iOS|x86
		Linux|Any CPU = Linux|Any CPU
		Linux|Mixed Platforms = Linux|Mixed Platforms
		Linux|x86 = Linux|x86
		OSX|Any CPU = OSX|Any CPU
		OSX|Mixed Platforms = OSX|Mixed Platforms
		OSX|x86 = OSX|x86
		PSM|Any CPU = PSM|Any CPU
		PSM|Mixed Platforms = PSM|Mixed Platforms
		PSM|x86 = PSM|x86
		Release|Any CPU = Release|Any CPU
		Release|Mixed Platforms = Release|Mixed Platforms
		Release|x86 = Release|x86
		Windows|Any CPU = Windows|Any CPU
		Windows|Mixed Platforms = Windows|Mixed Platforms
		Windows|x86 = Windows|x86
		Windows8|Any CPU = Windows8|Any CPU
		Windows8|Mixed Platforms = Windows8|Mixed Platforms
		Windows8|x86 = Windows8|x86
	EndGlobalSection
	GlobalSection(ProjectConfigurationPlatforms) = postSolution
		{04441E0D-A304-4651-9E6C-6AFD451DF980}.Android|Any CPU.ActiveCfg = Release|x86
		{04441E0D-A304-4651-9E6C-6AFD451DF980}.Android|Mixed Platforms.ActiveCfg = Release|x86
		{04441E0D-A304-4651-9E6C-6AFD451DF980}.Android|Mixed Platforms.Build.0 = Release|x86
		{04441E0D-A304-4651-9E6C-6AFD451DF980}.Android|x86.ActiveCfg = Release|x86
		{04441E0D-A304-4651-9E6C-6AFD451DF980}.Android|x86.Build.0 = Release|x86
		{04441E0D-A304-4651-9E6C-6AFD451DF980}.Debug|Any CPU.ActiveCfg = Debug|x86
		{04441E0D-A304-4651-9E6C-6AFD451DF980}.Debug|Mixed Platforms.ActiveCfg = Debug|x86
		{04441E0D-A304-4651-9E6C-6AFD451DF980}.Debug|Mixed Platforms.Build.0 = Debug|x86
		{04441E0D-A304-4651-9E6C-6AFD451DF980}.Debug|x86.ActiveCfg = Debug|x86
		{04441E0D-A304-4651-9E6C-6AFD451DF980}.Debug|x86.Build.0 = Debug|x86
		{04441E0D-A304-4651-9E6C-6AFD451DF980}.iOS|Any CPU.ActiveCfg = Release|x86
		{04441E0D-A304-4651-9E6C-6AFD451DF980}.iOS|Mixed Platforms.ActiveCfg = Release|x86
		{04441E0D-A304-4651-9E6C-6AFD451DF980}.iOS|Mixed Platforms.Build.0 = Release|x86
		{04441E0D-A304-4651-9E6C-6AFD451DF980}.iOS|x86.ActiveCfg = Release|x86
		{04441E0D-A304-4651-9E6C-6AFD451DF980}.iOS|x86.Build.0 = Release|x86
		{04441E0D-A304-4651-9E6C-6AFD451DF980}.Linux|Any CPU.ActiveCfg = Release|x86
		{04441E0D-A304-4651-9E6C-6AFD451DF980}.Linux|Mixed Platforms.ActiveCfg = Release|x86
		{04441E0D-A304-4651-9E6C-6AFD451DF980}.Linux|Mixed Platforms.Build.0 = Release|x86
		{04441E0D-A304-4651-9E6C-6AFD451DF980}.Linux|x86.ActiveCfg = Release|x86
		{04441E0D-A304-4651-9E6C-6AFD451DF980}.Linux|x86.Build.0 = Release|x86
		{04441E0D-A304-4651-9E6C-6AFD451DF980}.OSX|Any CPU.ActiveCfg = Release|x86
		{04441E0D-A304-4651-9E6C-6AFD451DF980}.OSX|Mixed Platforms.ActiveCfg = Release|x86
		{04441E0D-A304-4651-9E6C-6AFD451DF980}.OSX|Mixed Platforms.Build.0 = Release|x86
		{04441E0D-A304-4651-9E6C-6AFD451DF980}.OSX|x86.ActiveCfg = Release|x86
		{04441E0D-A304-4651-9E6C-6AFD451DF980}.OSX|x86.Build.0 = Release|x86
		{04441E0D-A304-4651-9E6C-6AFD451DF980}.PSM|Any CPU.ActiveCfg = Release|x86
		{04441E0D-A304-4651-9E6C-6AFD451DF980}.PSM|Mixed Platforms.ActiveCfg = Release|x86
		{04441E0D-A304-4651-9E6C-6AFD451DF980}.PSM|Mixed Platforms.Build.0 = Release|x86
		{04441E0D-A304-4651-9E6C-6AFD451DF980}.PSM|x86.ActiveCfg = Release|x86
		{04441E0D-A304-4651-9E6C-6AFD451DF980}.PSM|x86.Build.0 = Release|x86
		{04441E0D-A304-4651-9E6C-6AFD451DF980}.Release|Any CPU.ActiveCfg = Release|x86
		{04441E0D-A304-4651-9E6C-6AFD451DF980}.Release|Mixed Platforms.ActiveCfg = Release|x86
		{04441E0D-A304-4651-9E6C-6AFD451DF980}.Release|Mixed Platforms.Build.0 = Release|x86
		{04441E0D-A304-4651-9E6C-6AFD451DF980}.Release|x86.ActiveCfg = Release|x86
		{04441E0D-A304-4651-9E6C-6AFD451DF980}.Release|x86.Build.0 = Release|x86
		{04441E0D-A304-4651-9E6C-6AFD451DF980}.Windows|Any CPU.ActiveCfg = Release|x86
		{04441E0D-A304-4651-9E6C-6AFD451DF980}.Windows|Mixed Platforms.ActiveCfg = Release|x86
		{04441E0D-A304-4651-9E6C-6AFD451DF980}.Windows|Mixed Platforms.Build.0 = Release|x86
		{04441E0D-A304-4651-9E6C-6AFD451DF980}.Windows|x86.ActiveCfg = Release|x86
		{04441E0D-A304-4651-9E6C-6AFD451DF980}.Windows|x86.Build.0 = Release|x86
		{04441E0D-A304-4651-9E6C-6AFD451DF980}.Windows8|Any CPU.ActiveCfg = Release|x86
		{04441E0D-A304-4651-9E6C-6AFD451DF980}.Windows8|Mixed Platforms.ActiveCfg = Release|x86
		{04441E0D-A304-4651-9E6C-6AFD451DF980}.Windows8|Mixed Platforms.Build.0 = Release|x86
		{04441E0D-A304-4651-9E6C-6AFD451DF980}.Windows8|x86.ActiveCfg = Release|x86
		{04441E0D-A304-4651-9E6C-6AFD451DF980}.Windows8|x86.Build.0 = Release|x86
		{AD4FEB52-B054-46CB-9C30-0F3509624697}.Android|Any CPU.ActiveCfg = Android|Any CPU
		{AD4FEB52-B054-46CB-9C30-0F3509624697}.Android|Any CPU.Build.0 = Android|Any CPU
		{AD4FEB52-B054-46CB-9C30-0F3509624697}.Android|Mixed Platforms.ActiveCfg = Android|Any CPU
		{AD4FEB52-B054-46CB-9C30-0F3509624697}.Android|Mixed Platforms.Build.0 = Android|Any CPU
		{AD4FEB52-B054-46CB-9C30-0F3509624697}.Android|x86.ActiveCfg = Android|Any CPU
		{AD4FEB52-B054-46CB-9C30-0F3509624697}.Debug|Any CPU.ActiveCfg = PSM|Any CPU
		{AD4FEB52-B054-46CB-9C30-0F3509624697}.Debug|Any CPU.Build.0 = PSM|Any CPU
		{AD4FEB52-B054-46CB-9C30-0F3509624697}.Debug|Mixed Platforms.ActiveCfg = PSM|Any CPU
		{AD4FEB52-B054-46CB-9C30-0F3509624697}.Debug|Mixed Platforms.Build.0 = PSM|Any CPU
		{AD4FEB52-B054-46CB-9C30-0F3509624697}.Debug|x86.ActiveCfg = PSM|Any CPU
		{AD4FEB52-B054-46CB-9C30-0F3509624697}.iOS|Any CPU.ActiveCfg = iOS|Any CPU
		{AD4FEB52-B054-46CB-9C30-0F3509624697}.iOS|Any CPU.Build.0 = iOS|Any CPU
		{AD4FEB52-B054-46CB-9C30-0F3509624697}.iOS|Mixed Platforms.ActiveCfg = iOS|Any CPU
		{AD4FEB52-B054-46CB-9C30-0F3509624697}.iOS|Mixed Platforms.Build.0 = iOS|Any CPU
		{AD4FEB52-B054-46CB-9C30-0F3509624697}.iOS|x86.ActiveCfg = iOS|Any CPU
		{AD4FEB52-B054-46CB-9C30-0F3509624697}.Linux|Any CPU.ActiveCfg = Linux|Any CPU
		{AD4FEB52-B054-46CB-9C30-0F3509624697}.Linux|Any CPU.Build.0 = Linux|Any CPU
		{AD4FEB52-B054-46CB-9C30-0F3509624697}.Linux|Mixed Platforms.ActiveCfg = Linux|Any CPU
		{AD4FEB52-B054-46CB-9C30-0F3509624697}.Linux|Mixed Platforms.Build.0 = Linux|Any CPU
		{AD4FEB52-B054-46CB-9C30-0F3509624697}.Linux|x86.ActiveCfg = Linux|Any CPU
		{AD4FEB52-B054-46CB-9C30-0F3509624697}.OSX|Any CPU.ActiveCfg = OSX|Any CPU
		{AD4FEB52-B054-46CB-9C30-0F3509624697}.OSX|Any CPU.Build.0 = OSX|Any CPU
		{AD4FEB52-B054-46CB-9C30-0F3509624697}.OSX|Mixed Platforms.ActiveCfg = OSX|Any CPU
		{AD4FEB52-B054-46CB-9C30-0F3509624697}.OSX|Mixed Platforms.Build.0 = OSX|Any CPU
		{AD4FEB52-B054-46CB-9C30-0F3509624697}.OSX|x86.ActiveCfg = OSX|Any CPU
		{AD4FEB52-B054-46CB-9C30-0F3509624697}.PSM|Any CPU.ActiveCfg = PSM|Any CPU
		{AD4FEB52-B054-46CB-9C30-0F3509624697}.PSM|Any CPU.Build.0 = PSM|Any CPU
		{AD4FEB52-B054-46CB-9C30-0F3509624697}.PSM|Mixed Platforms.ActiveCfg = PSM|Any CPU
		{AD4FEB52-B054-46CB-9C30-0F3509624697}.PSM|Mixed Platforms.Build.0 = PSM|Any CPU
		{AD4FEB52-B054-46CB-9C30-0F3509624697}.PSM|x86.ActiveCfg = PSM|Any CPU
		{AD4FEB52-B054-46CB-9C30-0F3509624697}.Release|Any CPU.ActiveCfg = PSM|Any CPU
		{AD4FEB52-B054-46CB-9C30-0F3509624697}.Release|Any CPU.Build.0 = PSM|Any CPU
		{AD4FEB52-B054-46CB-9C30-0F3509624697}.Release|Mixed Platforms.ActiveCfg = PSM|Any CPU
		{AD4FEB52-B054-46CB-9C30-0F3509624697}.Release|Mixed Platforms.Build.0 = PSM|Any CPU
		{AD4FEB52-B054-46CB-9C30-0F3509624697}.Release|x86.ActiveCfg = PSM|Any CPU
		{AD4FEB52-B054-46CB-9C30-0F3509624697}.Windows|Any CPU.ActiveCfg = Windows|Any CPU
		{AD4FEB52-B054-46CB-9C30-0F3509624697}.Windows|Any CPU.Build.0 = Windows|Any CPU
		{AD4FEB52-B054-46CB-9C30-0F3509624697}.Windows|Mixed Platforms.ActiveCfg = Windows|Any CPU
		{AD4FEB52-B054-46CB-9C30-0F3509624697}.Windows|Mixed Platforms.Build.0 = Windows|Any CPU
		{AD4FEB52-B054-46CB-9C30-0F3509624697}.Windows|x86.ActiveCfg = Windows|Any CPU
		{AD4FEB52-B054-46CB-9C30-0F3509624697}.Windows8|Any CPU.ActiveCfg = Windows8|Any CPU
		{AD4FEB52-B054-46CB-9C30-0F3509624697}.Windows8|Any CPU.Build.0 = Windows8|Any CPU
		{AD4FEB52-B054-46CB-9C30-0F3509624697}.Windows8|Mixed Platforms.ActiveCfg = Windows8|Any CPU
		{AD4FEB52-B054-46CB-9C30-0F3509624697}.Windows8|Mixed Platforms.Build.0 = Windows8|Any CPU
		{AD4FEB52-B054-46CB-9C30-0F3509624697}.Windows8|x86.ActiveCfg = Windows8|Any CPU
		{39EA38D0-4F11-46CB-820C-5B9FCFB1AEE9}.Android|Any CPU.ActiveCfg = Android|Any CPU
		{39EA38D0-4F11-46CB-820C-5B9FCFB1AEE9}.Android|Mixed Platforms.ActiveCfg = Android|Any CPU
		{39EA38D0-4F11-46CB-820C-5B9FCFB1AEE9}.Android|x86.ActiveCfg = Android|Any CPU
		{39EA38D0-4F11-46CB-820C-5B9FCFB1AEE9}.Debug|Any CPU.ActiveCfg = PSM|Any CPU
		{39EA38D0-4F11-46CB-820C-5B9FCFB1AEE9}.Debug|Mixed Platforms.ActiveCfg = PSM|Any CPU
		{39EA38D0-4F11-46CB-820C-5B9FCFB1AEE9}.Debug|x86.ActiveCfg = PSM|Any CPU
		{39EA38D0-4F11-46CB-820C-5B9FCFB1AEE9}.iOS|Any CPU.ActiveCfg = iOS|Any CPU
		{39EA38D0-4F11-46CB-820C-5B9FCFB1AEE9}.iOS|Mixed Platforms.ActiveCfg = iOS|Any CPU
		{39EA38D0-4F11-46CB-820C-5B9FCFB1AEE9}.iOS|x86.ActiveCfg = iOS|Any CPU
		{39EA38D0-4F11-46CB-820C-5B9FCFB1AEE9}.Linux|Any CPU.ActiveCfg = Linux|Any CPU
		{39EA38D0-4F11-46CB-820C-5B9FCFB1AEE9}.Linux|Mixed Platforms.ActiveCfg = Linux|Any CPU
		{39EA38D0-4F11-46CB-820C-5B9FCFB1AEE9}.Linux|x86.ActiveCfg = Linux|Any CPU
		{39EA38D0-4F11-46CB-820C-5B9FCFB1AEE9}.OSX|Any CPU.ActiveCfg = OSX|Any CPU
		{39EA38D0-4F11-46CB-820C-5B9FCFB1AEE9}.OSX|Mixed Platforms.ActiveCfg = OSX|Any CPU
		{39EA38D0-4F11-46CB-820C-5B9FCFB1AEE9}.OSX|x86.ActiveCfg = OSX|Any CPU
		{39EA38D0-4F11-46CB-820C-5B9FCFB1AEE9}.PSM|Any CPU.ActiveCfg = PSM|Any CPU
		{39EA38D0-4F11-46CB-820C-5B9FCFB1AEE9}.PSM|Mixed Platforms.ActiveCfg = PSM|Any CPU
		{39EA38D0-4F11-46CB-820C-5B9FCFB1AEE9}.PSM|x86.ActiveCfg = PSM|Any CPU
		{39EA38D0-4F11-46CB-820C-5B9FCFB1AEE9}.Release|Any CPU.ActiveCfg = PSM|Any CPU
		{39EA38D0-4F11-46CB-820C-5B9FCFB1AEE9}.Release|Mixed Platforms.ActiveCfg = PSM|Any CPU
		{39EA38D0-4F11-46CB-820C-5B9FCFB1AEE9}.Release|x86.ActiveCfg = PSM|Any CPU
		{39EA38D0-4F11-46CB-820C-5B9FCFB1AEE9}.Windows|Any CPU.ActiveCfg = Windows|Any CPU
		{39EA38D0-4F11-46CB-820C-5B9FCFB1AEE9}.Windows|Mixed Platforms.ActiveCfg = Windows|Any CPU
		{39EA38D0-4F11-46CB-820C-5B9FCFB1AEE9}.Windows|x86.ActiveCfg = Windows|Any CPU
		{39EA38D0-4F11-46CB-820C-5B9FCFB1AEE9}.Windows8|Any CPU.ActiveCfg = Windows8|Any CPU
		{39EA38D0-4F11-46CB-820C-5B9FCFB1AEE9}.Windows8|Mixed Platforms.ActiveCfg = Windows8|Any CPU
		{39EA38D0-4F11-46CB-820C-5B9FCFB1AEE9}.Windows8|x86.ActiveCfg = Windows8|Any CPU
	EndGlobalSection
	GlobalSection(SolutionProperties) = preSolution
		HideSolutionNode = FALSE
	EndGlobalSection
EndGlobal
